
Microsoft Visual Studio Solution File, Format Version 12.00
# Visual Studio 15
VisualStudioVersion = 15.0.28010.2046
MinimumVisualStudioVersion = 10.0.40219.1
Project("{FAE04EC0-301F-11D3-BF4B-00C04F79EFBC}") = "Demo1", "NSubstituteSample\Demo1.csproj", "{C0B059BB-CC06-4A36-BCE6-D275B59B138E}"
EndProject
Project("{FAE04EC0-301F-11D3-BF4B-00C04F79EFBC}") = "Demo2", "Demo2\Demo2.csproj", "{AF3E309D-76B5-4625-AD7E-596D917850C6}"
EndProject
Project("{FAE04EC0-301F-11D3-BF4B-00C04F79EFBC}") = "Demo3", "Demo3\Demo3.csproj", "{AA2E1B5D-C5B4-476C-98D2-4AAF998902AB}"
EndProject
Global
	GlobalSection(SolutionConfigurationPlatforms) = preSolution
		Debug|Any CPU = Debug|Any CPU
		Release|Any CPU = Release|Any CPU
	EndGlobalSection
	GlobalSection(ProjectConfigurationPlatforms) = postSolution
		{C0B059BB-CC06-4A36-BCE6-D275B59B138E}.Debug|Any CPU.ActiveCfg = Debug|Any CPU
		{C0B059BB-CC06-4A36-BCE6-D275B59B138E}.Debug|Any CPU.Build.0 = Debug|Any CPU
		{C0B059BB-CC06-4A36-BCE6-D275B59B138E}.Release|Any CPU.ActiveCfg = Release|Any CPU
		{C0B059BB-CC06-4A36-BCE6-D275B59B138E}.Release|Any CPU.Build.0 = Release|Any CPU
		{AF3E309D-76B5-4625-AD7E-596D917850C6}.Debug|Any CPU.ActiveCfg = Debug|Any CPU
		{AF3E309D-76B5-4625-AD7E-596D917850C6}.Debug|Any CPU.Build.0 = Debug|Any CPU
		{AF3E309D-76B5-4625-AD7E-596D917850C6}.Release|Any CPU.ActiveCfg = Release|Any CPU
		{AF3E309D-76B5-4625-AD7E-596D917850C6}.Release|Any CPU.Build.0 = Release|Any CPU
		{AA2E1B5D-C5B4-476C-98D2-4AAF998902AB}.Debug|Any CPU.ActiveCfg = Debug|Any CPU
		{AA2E1B5D-C5B4-476C-98D2-4AAF998902AB}.Debug|Any CPU.Build.0 = Debug|Any CPU
		{AA2E1B5D-C5B4-476C-98D2-4AAF998902AB}.Release|Any CPU.ActiveCfg = Release|Any CPU
		{AA2E1B5D-C5B4-476C-98D2-4AAF998902AB}.Release|Any CPU.Build.0 = Release|Any CPU
	EndGlobalSection
	GlobalSection(SolutionProperties) = preSolution
		HideSolutionNode = FALSE
	EndGlobalSection
	GlobalSection(ExtensibilityGlobals) = postSolution
		SolutionGuid = {77F2DF0F-1430-4461-91B2-1340A3FC4218}
	EndGlobalSection
EndGlobal
